// !$*UTF8*$!
{
	archiveVersion = 1;
	classes = {
	};
	objectVersion = 51;
	objects = {

/* Begin PBXBuildFile section */
		210153632483025B00E48A8F /* .gitignore in Resources */ = {isa = PBXBuildFile; fileRef = 210153622483025B00E48A8F /* .gitignore */; };
		210153652483027E00E48A8F /* Constants.swift in Sources */ = {isa = PBXBuildFile; fileRef = 210153642483027E00E48A8F /* Constants.swift */; };
		210153672483032000E48A8F /* Keys.swift in Sources */ = {isa = PBXBuildFile; fileRef = 210153662483032000E48A8F /* Keys.swift */; };
		210DCD00247B8F67005B2891 /* AppDelegate.swift in Sources */ = {isa = PBXBuildFile; fileRef = 210DCCFF247B8F67005B2891 /* AppDelegate.swift */; };
		210DCD02247B8F67005B2891 /* SceneDelegate.swift in Sources */ = {isa = PBXBuildFile; fileRef = 210DCD01247B8F67005B2891 /* SceneDelegate.swift */; };
		210DCD04247B8F67005B2891 /* MapViewController.swift in Sources */ = {isa = PBXBuildFile; fileRef = 210DCD03247B8F67005B2891 /* MapViewController.swift */; };
		210DCD07247B8F67005B2891 /* Main.storyboard in Resources */ = {isa = PBXBuildFile; fileRef = 210DCD05247B8F67005B2891 /* Main.storyboard */; };
		210DCD09247B8F6A005B2891 /* Assets.xcassets in Resources */ = {isa = PBXBuildFile; fileRef = 210DCD08247B8F6A005B2891 /* Assets.xcassets */; };
		210DCD0C247B8F6A005B2891 /* LaunchScreen.storyboard in Resources */ = {isa = PBXBuildFile; fileRef = 210DCD0A247B8F6A005B2891 /* LaunchScreen.storyboard */; };
		210DCD18247CC179005B2891 /* Readme.MD in Resources */ = {isa = PBXBuildFile; fileRef = 210DCD17247CC179005B2891 /* Readme.MD */; };
		2111645B247F9E2400492964 /* DroppablePin.swift in Sources */ = {isa = PBXBuildFile; fileRef = 2111645A247F9E2400492964 /* DroppablePin.swift */; };
		2111645D248236BE00492964 /* PhotoCollectionViewCell.swift in Sources */ = {isa = PBXBuildFile; fileRef = 2111645C248236BE00492964 /* PhotoCollectionViewCell.swift */; };
		CC705C53C1CE60443A4D6374 /* Pods_FlickMapApp.framework in Frameworks */ = {isa = PBXBuildFile; fileRef = C486B9EA9131720C0B2E359B /* Pods_FlickMapApp.framework */; };
/* End PBXBuildFile section */

/* Begin PBXFileReference section */
		210153622483025B00E48A8F /* .gitignore */ = {isa = PBXFileReference; lastKnownFileType = text; path = .gitignore; sourceTree = "<group>"; };
		210153642483027E00E48A8F /* Constants.swift */ = {isa = PBXFileReference; lastKnownFileType = sourcecode.swift; path = Constants.swift; sourceTree = "<group>"; };
		210153662483032000E48A8F /* Keys.swift */ = {isa = PBXFileReference; lastKnownFileType = sourcecode.swift; path = Keys.swift; sourceTree = "<group>"; };
		210DCCFC247B8F67005B2891 /* FlickMapApp.app */ = {isa = PBXFileReference; explicitFileType = wrapper.application; includeInIndex = 0; path = FlickMapApp.app; sourceTree = BUILT_PRODUCTS_DIR; };
		210DCCFF247B8F67005B2891 /* AppDelegate.swift */ = {isa = PBXFileReference; lastKnownFileType = sourcecode.swift; path = AppDelegate.swift; sourceTree = "<group>"; };
		210DCD01247B8F67005B2891 /* SceneDelegate.swift */ = {isa = PBXFileReference; lastKnownFileType = sourcecode.swift; path = SceneDelegate.swift; sourceTree = "<group>"; };
		210DCD03247B8F67005B2891 /* MapViewController.swift */ = {isa = PBXFileReference; lastKnownFileType = sourcecode.swift; name = MapViewController.swift; path = ../MapViewController.swift; sourceTree = "<group>"; };
		210DCD06247B8F67005B2891 /* Base */ = {isa = PBXFileReference; lastKnownFileType = file.storyboard; name = Base; path = Base.lproj/Main.storyboard; sourceTree = "<group>"; };
		210DCD08247B8F6A005B2891 /* Assets.xcassets */ = {isa = PBXFileReference; lastKnownFileType = folder.assetcatalog; path = Assets.xcassets; sourceTree = "<group>"; };
		210DCD0B247B8F6A005B2891 /* Base */ = {isa = PBXFileReference; lastKnownFileType = file.storyboard; name = Base; path = Base.lproj/LaunchScreen.storyboard; sourceTree = "<group>"; };
		210DCD0D247B8F6A005B2891 /* Info.plist */ = {isa = PBXFileReference; lastKnownFileType = text.plist.xml; path = Info.plist; sourceTree = "<group>"; };
		210DCD17247CC179005B2891 /* Readme.MD */ = {isa = PBXFileReference; lastKnownFileType = net.daringfireball.markdown; path = Readme.MD; sourceTree = "<group>"; };
		2111645A247F9E2400492964 /* DroppablePin.swift */ = {isa = PBXFileReference; lastKnownFileType = sourcecode.swift; path = DroppablePin.swift; sourceTree = "<group>"; };
		2111645C248236BE00492964 /* PhotoCollectionViewCell.swift */ = {isa = PBXFileReference; lastKnownFileType = sourcecode.swift; path = PhotoCollectionViewCell.swift; sourceTree = "<group>"; };
		C486B9EA9131720C0B2E359B /* Pods_FlickMapApp.framework */ = {isa = PBXFileReference; explicitFileType = wrapper.framework; includeInIndex = 0; path = Pods_FlickMapApp.framework; sourceTree = BUILT_PRODUCTS_DIR; };
		E9FC9014312DA0554B2B043E /* Pods-FlickMapApp.debug.xcconfig */ = {isa = PBXFileReference; includeInIndex = 1; lastKnownFileType = text.xcconfig; name = "Pods-FlickMapApp.debug.xcconfig"; path = "Target Support Files/Pods-FlickMapApp/Pods-FlickMapApp.debug.xcconfig"; sourceTree = "<group>"; };
		EBF9257B7E50F809843AF582 /* Pods-FlickMapApp.release.xcconfig */ = {isa = PBXFileReference; includeInIndex = 1; lastKnownFileType = text.xcconfig; name = "Pods-FlickMapApp.release.xcconfig"; path = "Target Support Files/Pods-FlickMapApp/Pods-FlickMapApp.release.xcconfig"; sourceTree = "<group>"; };
/* End PBXFileReference section */

/* Begin PBXFrameworksBuildPhase section */
		210DCCF9247B8F67005B2891 /* Frameworks */ = {
			isa = PBXFrameworksBuildPhase;
			buildActionMask = 2147483647;
			files = (
				CC705C53C1CE60443A4D6374 /* Pods_FlickMapApp.framework in Frameworks */,
			);
			runOnlyForDeploymentPostprocessing = 0;
		};
/* End PBXFrameworksBuildPhase section */

/* Begin PBXGroup section */
		210DCCF3247B8F67005B2891 = {
			isa = PBXGroup;
			children = (
				210153622483025B00E48A8F /* .gitignore */,
				210DCD17247CC179005B2891 /* Readme.MD */,
				210DCCFE247B8F67005B2891 /* FlickMapApp */,
				210DCCFD247B8F67005B2891 /* Products */,
				A9E449CB3B0358D75ACE6475 /* Pods */,
				47F33251B53C59283B824BCD /* Frameworks */,
			);
			sourceTree = "<group>";
		};
		210DCCFD247B8F67005B2891 /* Products */ = {
			isa = PBXGroup;
			children = (
				210DCCFC247B8F67005B2891 /* FlickMapApp.app */,
			);
			name = Products;
			sourceTree = "<group>";
		};
		210DCCFE247B8F67005B2891 /* FlickMapApp */ = {
			isa = PBXGroup;
			children = (
				210DCD16247CBF8E005B2891 /* Utilities */,
				210DCD15247CBF7D005B2891 /* Extenstions */,
				210DCCFF247B8F67005B2891 /* AppDelegate.swift */,
				210DCD01247B8F67005B2891 /* SceneDelegate.swift */,
				210DCD13247CBF68005B2891 /* Controller */,
				210DCD14247CBF76005B2891 /* View */,
				210DCD08247B8F6A005B2891 /* Assets.xcassets */,
				210DCD0A247B8F6A005B2891 /* LaunchScreen.storyboard */,
				210DCD0D247B8F6A005B2891 /* Info.plist */,
			);
			path = FlickMapApp;
			sourceTree = "<group>";
		};
		210DCD13247CBF68005B2891 /* Controller */ = {
			isa = PBXGroup;
			children = (
				210DCD03247B8F67005B2891 /* MapViewController.swift */,
				2111645C248236BE00492964 /* PhotoCollectionViewCell.swift */,
			);
			path = Controller;
			sourceTree = "<group>";
		};
		210DCD14247CBF76005B2891 /* View */ = {
			isa = PBXGroup;
			children = (
				210DCD05247B8F67005B2891 /* Main.storyboard */,
				2111645A247F9E2400492964 /* DroppablePin.swift */,
			);
			path = View;
			sourceTree = "<group>";
		};
		210DCD15247CBF7D005B2891 /* Extenstions */ = {
			isa = PBXGroup;
			children = (
			);
			path = Extenstions;
			sourceTree = "<group>";
		};
		210DCD16247CBF8E005B2891 /* Utilities */ = {
			isa = PBXGroup;
			children = (
				210153642483027E00E48A8F /* Constants.swift */,
				210153662483032000E48A8F /* Keys.swift */,
			);
			path = Utilities;
			sourceTree = "<group>";
		};
		47F33251B53C59283B824BCD /* Frameworks */ = {
			isa = PBXGroup;
			children = (
				C486B9EA9131720C0B2E359B /* Pods_FlickMapApp.framework */,
			);
			name = Frameworks;
			sourceTree = "<group>";
		};
		A9E449CB3B0358D75ACE6475 /* Pods */ = {
			isa = PBXGroup;
			children = (
				E9FC9014312DA0554B2B043E /* Pods-FlickMapApp.debug.xcconfig */,
				EBF9257B7E50F809843AF582 /* Pods-FlickMapApp.release.xcconfig */,
			);
			path = Pods;
			sourceTree = "<group>";
		};
/* End PBXGroup section */

/* Begin PBXNativeTarget section */
		210DCCFB247B8F67005B2891 /* FlickMapApp */ = {
			isa = PBXNativeTarget;
			buildConfigurationList = 210DCD10247B8F6A005B2891 /* Build configuration list for PBXNativeTarget "FlickMapApp" */;
			buildPhases = (
				05A98D6ABEFE9E77ABECB871 /* [CP] Check Pods Manifest.lock */,
				210DCCF8247B8F67005B2891 /* Sources */,
				210DCCF9247B8F67005B2891 /* Frameworks */,
				210DCCFA247B8F67005B2891 /* Resources */,
				E42EE236DF64F969C1946ED3 /* [CP] Embed Pods Frameworks */,
			);
			buildRules = (
			);
			dependencies = (
			);
			name = FlickMapApp;
			productName = FlickMapApp;
			productReference = 210DCCFC247B8F67005B2891 /* FlickMapApp.app */;
			productType = "com.apple.product-type.application";
		};
/* End PBXNativeTarget section */

/* Begin PBXProject section */
		210DCCF4247B8F67005B2891 /* Project object */ = {
			isa = PBXProject;
			attributes = {
				LastSwiftUpdateCheck = 1150;
				LastUpgradeCheck = 1150;
				ORGANIZATIONNAME = "Anton Veldanov";
				TargetAttributes = {
					210DCCFB247B8F67005B2891 = {
						CreatedOnToolsVersion = 11.5;
					};
				};
			};
			buildConfigurationList = 210DCCF7247B8F67005B2891 /* Build configuration list for PBXProject "FlickMapApp" */;
			compatibilityVersion = "Xcode 9.3";
			developmentRegion = en;
			hasScannedForEncodings = 0;
			knownRegions = (
				en,
				Base,
			);
			mainGroup = 210DCCF3247B8F67005B2891;
			productRefGroup = 210DCCFD247B8F67005B2891 /* Products */;
			projectDirPath = "";
			projectRoot = "";
			targets = (
				210DCCFB247B8F67005B2891 /* FlickMapApp */,
			);
		};
/* End PBXProject section */

/* Begin PBXResourcesBuildPhase section */
		210DCCFA247B8F67005B2891 /* Resources */ = {
			isa = PBXResourcesBuildPhase;
			buildActionMask = 2147483647;
			files = (
				210153632483025B00E48A8F /* .gitignore in Resources */,
				210DCD0C247B8F6A005B2891 /* LaunchScreen.storyboard in Resources */,
				210DCD09247B8F6A005B2891 /* Assets.xcassets in Resources */,
				210DCD18247CC179005B2891 /* Readme.MD in Resources */,
				210DCD07247B8F67005B2891 /* Main.storyboard in Resources */,
			);
			runOnlyForDeploymentPostprocessing = 0;
		};
/* End PBXResourcesBuildPhase section */

/* Begin PBXShellScriptBuildPhase section */
		05A98D6ABEFE9E77ABECB871 /* [CP] Check Pods Manifest.lock */ = {
			isa = PBXShellScriptBuildPhase;
			buildActionMask = 2147483647;
			files = (
			);
			inputFileListPaths = (
			);
			inputPaths = (
				"${PODS_PODFILE_DIR_PATH}/Podfile.lock",
				"${PODS_ROOT}/Manifest.lock",
			);
			name = "[CP] Check Pods Manifest.lock";
			outputFileListPaths = (
			);
			outputPaths = (
				"$(DERIVED_FILE_DIR)/Pods-FlickMapApp-checkManifestLockResult.txt",
			);
			runOnlyForDeploymentPostprocessing = 0;
			shellPath = /bin/sh;
			shellScript = "diff \"${PODS_PODFILE_DIR_PATH}/Podfile.lock\" \"${PODS_ROOT}/Manifest.lock\" > /dev/null\nif [ $? != 0 ] ; then\n    # print error to STDERR\n    echo \"error: The sandbox is not in sync with the Podfile.lock. Run 'pod install' or update your CocoaPods installation.\" >&2\n    exit 1\nfi\n# This output is used by Xcode 'outputs' to avoid re-running this script phase.\necho \"SUCCESS\" > \"${SCRIPT_OUTPUT_FILE_0}\"\n";
			showEnvVarsInLog = 0;
		};
		E42EE236DF64F969C1946ED3 /* [CP] Embed Pods Frameworks */ = {
			isa = PBXShellScriptBuildPhase;
			buildActionMask = 2147483647;
			files = (
			);
			inputFileListPaths = (
				"${PODS_ROOT}/Target Support Files/Pods-FlickMapApp/Pods-FlickMapApp-frameworks-${CONFIGURATION}-input-files.xcfilelist",
			);
			name = "[CP] Embed Pods Frameworks";
			outputFileListPaths = (
				"${PODS_ROOT}/Target Support Files/Pods-FlickMapApp/Pods-FlickMapApp-frameworks-${CONFIGURATION}-output-files.xcfilelist",
			);
			runOnlyForDeploymentPostprocessing = 0;
			shellPath = /bin/sh;
			shellScript = "\"${PODS_ROOT}/Target Support Files/Pods-FlickMapApp/Pods-FlickMapApp-frameworks.sh\"\n";
			showEnvVarsInLog = 0;
		};
/* End PBXShellScriptBuildPhase section */

/* Begin PBXSourcesBuildPhase section */
		210DCCF8247B8F67005B2891 /* Sources */ = {
			isa = PBXSourcesBuildPhase;
			buildActionMask = 2147483647;
			files = (
				210DCD04247B8F67005B2891 /* MapViewController.swift in Sources */,
				2111645D248236BE00492964 /* PhotoCollectionViewCell.swift in Sources */,
				2111645B247F9E2400492964 /* DroppablePin.swift in Sources */,
				210DCD00247B8F67005B2891 /* AppDelegate.swift in Sources */,
				210153672483032000E48A8F /* Keys.swift in Sources */,
				210DCD02247B8F67005B2891 /* SceneDelegate.swift in Sources */,
				210153652483027E00E48A8F /* Constants.swift in Sources */,
			);
			runOnlyForDeploymentPostprocessing = 0;
		};
/* End PBXSourcesBuildPhase section */

/* Begin PBXVariantGroup section */
		210DCD05247B8F67005B2891 /* Main.storyboard */ = {
			isa = PBXVariantGroup;
			children = (
				210DCD06247B8F67005B2891 /* Base */,
			);
			name = Main.storyboard;
			sourceTree = "<group>";
		};
		210DCD0A247B8F6A005B2891 /* LaunchScreen.storyboard */ = {
			isa = PBXVariantGroup;
			children = (
				210DCD0B247B8F6A005B2891 /* Base */,
			);
			name = LaunchScreen.storyboard;
			sourceTree = "<group>";
		};
/* End PBXVariantGroup section */

/* Begin XCBuildConfiguration section */
		210DCD0E247B8F6A005B2891 /* Debug */ = {
			isa = XCBuildConfiguration;
			buildSettings = {
				ALWAYS_SEARCH_USER_PATHS = NO;
				CLANG_ANALYZER_NONNULL = YES;
				CLANG_ANALYZER_NUMBER_OBJECT_CONVERSION = YES_AGGRESSIVE;
				CLANG_CXX_LANGUAGE_STANDARD = "gnu++14";
				CLANG_CXX_LIBRARY = "libc++";
				CLANG_ENABLE_MODULES = YES;
				CLANG_ENABLE_OBJC_ARC = YES;
				CLANG_ENABLE_OBJC_WEAK = YES;
				CLANG_WARN_BLOCK_CAPTURE_AUTORELEASING = YES;
				CLANG_WARN_BOOL_CONVERSION = YES;
				CLANG_WARN_COMMA = YES;
				CLANG_WARN_CONSTANT_CONVERSION = YES;
				CLANG_WARN_DEPRECATED_OBJC_IMPLEMENTATIONS = YES;
				CLANG_WARN_DIRECT_OBJC_ISA_USAGE = YES_ERROR;
				CLANG_WARN_DOCUMENTATION_COMMENTS = YES;
				CLANG_WARN_EMPTY_BODY = YES;
				CLANG_WARN_ENUM_CONVERSION = YES;
				CLANG_WARN_INFINITE_RECURSION = YES;
				CLANG_WARN_INT_CONVERSION = YES;
				CLANG_WARN_NON_LITERAL_NULL_CONVERSION = YES;
				CLANG_WARN_OBJC_IMPLICIT_RETAIN_SELF = YES;
				CLANG_WARN_OBJC_LITERAL_CONVERSION = YES;
				CLANG_WARN_OBJC_ROOT_CLASS = YES_ERROR;
				CLANG_WARN_RANGE_LOOP_ANALYSIS = YES;
				CLANG_WARN_STRICT_PROTOTYPES = YES;
				CLANG_WARN_SUSPICIOUS_MOVE = YES;
				CLANG_WARN_UNGUARDED_AVAILABILITY = YES_AGGRESSIVE;
				CLANG_WARN_UNREACHABLE_CODE = YES;
				CLANG_WARN__DUPLICATE_METHOD_MATCH = YES;
				COPY_PHASE_STRIP = NO;
				DEBUG_INFORMATION_FORMAT = dwarf;
				ENABLE_STRICT_OBJC_MSGSEND = YES;
				ENABLE_TESTABILITY = YES;
				GCC_C_LANGUAGE_STANDARD = gnu11;
				GCC_DYNAMIC_NO_PIC = NO;
				GCC_NO_COMMON_BLOCKS = YES;
				GCC_OPTIMIZATION_LEVEL = 0;
				GCC_PREPROCESSOR_DEFINITIONS = (
					"DEBUG=1",
					"$(inherited)",
				);
				GCC_WARN_64_TO_32_BIT_CONVERSION = YES;
				GCC_WARN_ABOUT_RETURN_TYPE = YES_ERROR;
				GCC_WARN_UNDECLARED_SELECTOR = YES;
				GCC_WARN_UNINITIALIZED_AUTOS = YES_AGGRESSIVE;
				GCC_WARN_UNUSED_FUNCTION = YES;
				GCC_WARN_UNUSED_VARIABLE = YES;
				IPHONEOS_DEPLOYMENT_TARGET = 13.5;
				MTL_ENABLE_DEBUG_INFO = INCLUDE_SOURCE;
				MTL_FAST_MATH = YES;
				ONLY_ACTIVE_ARCH = YES;
				SDKROOT = iphoneos;
				SWIFT_ACTIVE_COMPILATION_CONDITIONS = DEBUG;
				SWIFT_OPTIMIZATION_LEVEL = "-Onone";
			};
			name = Debug;
		};
		210DCD0F247B8F6A005B2891 /* Release */ = {
			isa = XCBuildConfiguration;
			buildSettings = {
				ALWAYS_SEARCH_USER_PATHS = NO;
				CLANG_ANALYZER_NONNULL = YES;
				CLANG_ANALYZER_NUMBER_OBJECT_CONVERSION = YES_AGGRESSIVE;
				CLANG_CXX_LANGUAGE_STANDARD = "gnu++14";
				CLANG_CXX_LIBRARY = "libc++";
				CLANG_ENABLE_MODULES = YES;
				CLANG_ENABLE_OBJC_ARC = YES;
				CLANG_ENABLE_OBJC_WEAK = YES;
				CLANG_WARN_BLOCK_CAPTURE_AUTORELEASING = YES;
				CLANG_WARN_BOOL_CONVERSION = YES;
				CLANG_WARN_COMMA = YES;
				CLANG_WARN_CONSTANT_CONVERSION = YES;
				CLANG_WARN_DEPRECATED_OBJC_IMPLEMENTATIONS = YES;
				CLANG_WARN_DIRECT_OBJC_ISA_USAGE = YES_ERROR;
				CLANG_WARN_DOCUMENTATION_COMMENTS = YES;
				CLANG_WARN_EMPTY_BODY = YES;
				CLANG_WARN_ENUM_CONVERSION = YES;
				CLANG_WARN_INFINITE_RECURSION = YES;
				CLANG_WARN_INT_CONVERSION = YES;
				CLANG_WARN_NON_LITERAL_NULL_CONVERSION = YES;
				CLANG_WARN_OBJC_IMPLICIT_RETAIN_SELF = YES;
				CLANG_WARN_OBJC_LITERAL_CONVERSION = YES;
				CLANG_WARN_OBJC_ROOT_CLASS = YES_ERROR;
				CLANG_WARN_RANGE_LOOP_ANALYSIS = YES;
				CLANG_WARN_STRICT_PROTOTYPES = YES;
				CLANG_WARN_SUSPICIOUS_MOVE = YES;
				CLANG_WARN_UNGUARDED_AVAILABILITY = YES_AGGRESSIVE;
				CLANG_WARN_UNREACHABLE_CODE = YES;
				CLANG_WARN__DUPLICATE_METHOD_MATCH = YES;
				COPY_PHASE_STRIP = NO;
				DEBUG_INFORMATION_FORMAT = "dwarf-with-dsym";
				ENABLE_NS_ASSERTIONS = NO;
				ENABLE_STRICT_OBJC_MSGSEND = YES;
				GCC_C_LANGUAGE_STANDARD = gnu11;
				GCC_NO_COMMON_BLOCKS = YES;
				GCC_WARN_64_TO_32_BIT_CONVERSION = YES;
				GCC_WARN_ABOUT_RETURN_TYPE = YES_ERROR;
				GCC_WARN_UNDECLARED_SELECTOR = YES;
				GCC_WARN_UNINITIALIZED_AUTOS = YES_AGGRESSIVE;
				GCC_WARN_UNUSED_FUNCTION = YES;
				GCC_WARN_UNUSED_VARIABLE = YES;
				IPHONEOS_DEPLOYMENT_TARGET = 13.5;
				MTL_ENABLE_DEBUG_INFO = NO;
				MTL_FAST_MATH = YES;
				SDKROOT = iphoneos;
				SWIFT_COMPILATION_MODE = wholemodule;
				SWIFT_OPTIMIZATION_LEVEL = "-O";
				VALIDATE_PRODUCT = YES;
			};
			name = Release;
		};
		210DCD11247B8F6A005B2891 /* Debug */ = {
			isa = XCBuildConfiguration;
			baseConfigurationReference = E9FC9014312DA0554B2B043E /* Pods-FlickMapApp.debug.xcconfig */;
			buildSettings = {
				ASSETCATALOG_COMPILER_APPICON_NAME = AppIcon;
				CODE_SIGN_STYLE = Automatic;
				DEVELOPMENT_TEAM = QLJ84Q3ZSY;
				INFOPLIST_FILE = FlickMapApp/Info.plist;
				LD_RUNPATH_SEARCH_PATHS = (
					"$(inherited)",
					"@executable_path/Frameworks",
				);
				PRODUCT_BUNDLE_IDENTIFIER = com.aveldanov.FlickMapApp;
				PRODUCT_NAME = "$(TARGET_NAME)";
				SWIFT_VERSION = 5.0;
				TARGETED_DEVICE_FAMILY = 1;
			};
			name = Debug;
		};
		210DCD12247B8F6A005B2891 /* Release */ = {
			isa = XCBuildConfiguration;
			baseConfigurationReference = EBF9257B7E50F809843AF582 /* Pods-FlickMapApp.release.xcconfig */;
			buildSettings = {
				ASSETCATALOG_COMPILER_APPICON_NAME = AppIcon;
				CODE_SIGN_STYLE = Automatic;
				DEVELOPMENT_TEAM = QLJ84Q3ZSY;
				INFOPLIST_FILE = FlickMapApp/Info.plist;
				LD_RUNPATH_SEARCH_PATHS = (
					"$(inherited)",
					"@executable_path/Frameworks",
				);
				PRODUCT_BUNDLE_IDENTIFIER = com.aveldanov.FlickMapApp;
				PRODUCT_NAME = "$(TARGET_NAME)";
				SWIFT_VERSION = 5.0;
				TARGETED_DEVICE_FAMILY = 1;
			};
			name = Release;
		};
/* End XCBuildConfiguration section */

/* Begin XCConfigurationList section */
		210DCCF7247B8F67005B2891 /* Build configuration list for PBXProject "FlickMapApp" */ = {
			isa = XCConfigurationList;
			buildConfigurations = (
				210DCD0E247B8F6A005B2891 /* Debug */,
				210DCD0F247B8F6A005B2891 /* Release */,
			);
			defaultConfigurationIsVisible = 0;
			defaultConfigurationName = Release;
		};
		210DCD10247B8F6A005B2891 /* Build configuration list for PBXNativeTarget "FlickMapApp" */ = {
			isa = XCConfigurationList;
			buildConfigurations = (
				210DCD11247B8F6A005B2891 /* Debug */,
				210DCD12247B8F6A005B2891 /* Release */,
			);
			defaultConfigurationIsVisible = 0;
			defaultConfigurationName = Release;
		};
/* End XCConfigurationList section */
	};
	rootObject = 210DCCF4247B8F67005B2891 /* Project object */;
}
